// !$*UTF8*$!
{
	archiveVersion = 1;
	classes = {
	};
	objectVersion = 55;
	objects = {

/* Begin PBXBuildFile section */
		FCE3219928CF23720059F159 /* AppDelegate.swift in Sources */ = {isa = PBXBuildFile; fileRef = FCE3219828CF23720059F159 /* AppDelegate.swift */; };
		FCE3219B28CF23720059F159 /* SceneDelegate.swift in Sources */ = {isa = PBXBuildFile; fileRef = FCE3219A28CF23720059F159 /* SceneDelegate.swift */; };
		FCE3219D28CF23720059F159 /* ViewController.swift in Sources */ = {isa = PBXBuildFile; fileRef = FCE3219C28CF23720059F159 /* ViewController.swift */; };
		FCE321A028CF23730059F159 /* Main.storyboard in Resources */ = {isa = PBXBuildFile; fileRef = FCE3219E28CF23730059F159 /* Main.storyboard */; };
		FCE321A228CF237A0059F159 /* Assets.xcassets in Resources */ = {isa = PBXBuildFile; fileRef = FCE321A128CF237A0059F159 /* Assets.xcassets */; };
		FCE321A528CF237A0059F159 /* LaunchScreen.storyboard in Resources */ = {isa = PBXBuildFile; fileRef = FCE321A328CF237A0059F159 /* LaunchScreen.storyboard */; };
		FCE321B028CF237A0059F159 /* SampleCoordinatorTests.swift in Sources */ = {isa = PBXBuildFile; fileRef = FCE321AF28CF237A0059F159 /* SampleCoordinatorTests.swift */; };
		FCE321BA28CF237A0059F159 /* SampleCoordinatorUITests.swift in Sources */ = {isa = PBXBuildFile; fileRef = FCE321B928CF237A0059F159 /* SampleCoordinatorUITests.swift */; };
		FCE321BC28CF237A0059F159 /* SampleCoordinatorUITestsLaunchTests.swift in Sources */ = {isa = PBXBuildFile; fileRef = FCE321BB28CF237A0059F159 /* SampleCoordinatorUITestsLaunchTests.swift */; };
/* End PBXBuildFile section */

/* Begin PBXContainerItemProxy section */
		FCE321AC28CF237A0059F159 /* PBXContainerItemProxy */ = {
			isa = PBXContainerItemProxy;
			containerPortal = FCE3218D28CF23720059F159 /* Project object */;
			proxyType = 1;
			remoteGlobalIDString = FCE3219428CF23720059F159;
			remoteInfo = SampleCoordinator;
		};
		FCE321B628CF237A0059F159 /* PBXContainerItemProxy */ = {
			isa = PBXContainerItemProxy;
			containerPortal = FCE3218D28CF23720059F159 /* Project object */;
			proxyType = 1;
			remoteGlobalIDString = FCE3219428CF23720059F159;
			remoteInfo = SampleCoordinator;
		};
/* End PBXContainerItemProxy section */

/* Begin PBXFileReference section */
		FCE3219528CF23720059F159 /* SampleCoordinator.app */ = {isa = PBXFileReference; explicitFileType = wrapper.application; includeInIndex = 0; path = SampleCoordinator.app; sourceTree = BUILT_PRODUCTS_DIR; };
		FCE3219828CF23720059F159 /* AppDelegate.swift */ = {isa = PBXFileReference; lastKnownFileType = sourcecode.swift; path = AppDelegate.swift; sourceTree = "<group>"; };
		FCE3219A28CF23720059F159 /* SceneDelegate.swift */ = {isa = PBXFileReference; lastKnownFileType = sourcecode.swift; path = SceneDelegate.swift; sourceTree = "<group>"; };
		FCE3219C28CF23720059F159 /* ViewController.swift */ = {isa = PBXFileReference; lastKnownFileType = sourcecode.swift; path = ViewController.swift; sourceTree = "<group>"; };
		FCE3219F28CF23730059F159 /* Base */ = {isa = PBXFileReference; lastKnownFileType = file.storyboard; name = Base; path = Base.lproj/Main.storyboard; sourceTree = "<group>"; };
		FCE321A128CF237A0059F159 /* Assets.xcassets */ = {isa = PBXFileReference; lastKnownFileType = folder.assetcatalog; path = Assets.xcassets; sourceTree = "<group>"; };
		FCE321A428CF237A0059F159 /* Base */ = {isa = PBXFileReference; lastKnownFileType = file.storyboard; name = Base; path = Base.lproj/LaunchScreen.storyboard; sourceTree = "<group>"; };
		FCE321A628CF237A0059F159 /* Info.plist */ = {isa = PBXFileReference; lastKnownFileType = text.plist.xml; path = Info.plist; sourceTree = "<group>"; };
		FCE321AB28CF237A0059F159 /* SampleCoordinatorTests.xctest */ = {isa = PBXFileReference; explicitFileType = wrapper.cfbundle; includeInIndex = 0; path = SampleCoordinatorTests.xctest; sourceTree = BUILT_PRODUCTS_DIR; };
		FCE321AF28CF237A0059F159 /* SampleCoordinatorTests.swift */ = {isa = PBXFileReference; lastKnownFileType = sourcecode.swift; path = SampleCoordinatorTests.swift; sourceTree = "<group>"; };
		FCE321B528CF237A0059F159 /* SampleCoordinatorUITests.xctest */ = {isa = PBXFileReference; explicitFileType = wrapper.cfbundle; includeInIndex = 0; path = SampleCoordinatorUITests.xctest; sourceTree = BUILT_PRODUCTS_DIR; };
		FCE321B928CF237A0059F159 /* SampleCoordinatorUITests.swift */ = {isa = PBXFileReference; lastKnownFileType = sourcecode.swift; path = SampleCoordinatorUITests.swift; sourceTree = "<group>"; };
		FCE321BB28CF237A0059F159 /* SampleCoordinatorUITestsLaunchTests.swift */ = {isa = PBXFileReference; lastKnownFileType = sourcecode.swift; path = SampleCoordinatorUITestsLaunchTests.swift; sourceTree = "<group>"; };
/* End PBXFileReference section */

/* Begin PBXFrameworksBuildPhase section */
		FCE3219228CF23720059F159 /* Frameworks */ = {
			isa = PBXFrameworksBuildPhase;
			buildActionMask = 2147483647;
			files = (
			);
			runOnlyForDeploymentPostprocessing = 0;
		};
		FCE321A828CF237A0059F159 /* Frameworks */ = {
			isa = PBXFrameworksBuildPhase;
			buildActionMask = 2147483647;
			files = (
			);
			runOnlyForDeploymentPostprocessing = 0;
		};
		FCE321B228CF237A0059F159 /* Frameworks */ = {
			isa = PBXFrameworksBuildPhase;
			buildActionMask = 2147483647;
			files = (
			);
			runOnlyForDeploymentPostprocessing = 0;
		};
/* End PBXFrameworksBuildPhase section */

/* Begin PBXGroup section */
		FCE3218C28CF23720059F159 = {
			isa = PBXGroup;
			children = (
				FCE3219728CF23720059F159 /* SampleCoordinator */,
				FCE321AE28CF237A0059F159 /* SampleCoordinatorTests */,
				FCE321B828CF237A0059F159 /* SampleCoordinatorUITests */,
				FCE3219628CF23720059F159 /* Products */,
			);
			sourceTree = "<group>";
		};
		FCE3219628CF23720059F159 /* Products */ = {
			isa = PBXGroup;
			children = (
				FCE3219528CF23720059F159 /* SampleCoordinator.app */,
				FCE321AB28CF237A0059F159 /* SampleCoordinatorTests.xctest */,
				FCE321B528CF237A0059F159 /* SampleCoordinatorUITests.xctest */,
			);
			name = Products;
			sourceTree = "<group>";
		};
		FCE3219728CF23720059F159 /* SampleCoordinator */ = {
			isa = PBXGroup;
			children = (
				FCE3219828CF23720059F159 /* AppDelegate.swift */,
				FCE3219A28CF23720059F159 /* SceneDelegate.swift */,
				FCE3219C28CF23720059F159 /* ViewController.swift */,
				FCE3219E28CF23730059F159 /* Main.storyboard */,
				FCE321A128CF237A0059F159 /* Assets.xcassets */,
				FCE321A328CF237A0059F159 /* LaunchScreen.storyboard */,
				FCE321A628CF237A0059F159 /* Info.plist */,
			);
			path = SampleCoordinator;
			sourceTree = "<group>";
		};
		FCE321AE28CF237A0059F159 /* SampleCoordinatorTests */ = {
			isa = PBXGroup;
			children = (
				FCE321AF28CF237A0059F159 /* SampleCoordinatorTests.swift */,
			);
			path = SampleCoordinatorTests;
			sourceTree = "<group>";
		};
		FCE321B828CF237A0059F159 /* SampleCoordinatorUITests */ = {
			isa = PBXGroup;
			children = (
				FCE321B928CF237A0059F159 /* SampleCoordinatorUITests.swift */,
				FCE321BB28CF237A0059F159 /* SampleCoordinatorUITestsLaunchTests.swift */,
			);
			path = SampleCoordinatorUITests;
			sourceTree = "<group>";
		};
/* End PBXGroup section */

/* Begin PBXNativeTarget section */
		FCE3219428CF23720059F159 /* SampleCoordinator */ = {
			isa = PBXNativeTarget;
			buildConfigurationList = FCE321BF28CF237A0059F159 /* Build configuration list for PBXNativeTarget "SampleCoordinator" */;
			buildPhases = (
				FCE3219128CF23720059F159 /* Sources */,
				FCE3219228CF23720059F159 /* Frameworks */,
				FCE3219328CF23720059F159 /* Resources */,
			);
			buildRules = (
			);
			dependencies = (
			);
			name = SampleCoordinator;
			productName = SampleCoordinator;
			productReference = FCE3219528CF23720059F159 /* SampleCoordinator.app */;
			productType = "com.apple.product-type.application";
		};
		FCE321AA28CF237A0059F159 /* SampleCoordinatorTests */ = {
			isa = PBXNativeTarget;
			buildConfigurationList = FCE321C228CF237A0059F159 /* Build configuration list for PBXNativeTarget "SampleCoordinatorTests" */;
			buildPhases = (
				FCE321A728CF237A0059F159 /* Sources */,
				FCE321A828CF237A0059F159 /* Frameworks */,
				FCE321A928CF237A0059F159 /* Resources */,
			);
			buildRules = (
			);
			dependencies = (
				FCE321AD28CF237A0059F159 /* PBXTargetDependency */,
			);
			name = SampleCoordinatorTests;
			productName = SampleCoordinatorTests;
			productReference = FCE321AB28CF237A0059F159 /* SampleCoordinatorTests.xctest */;
			productType = "com.apple.product-type.bundle.unit-test";
		};
		FCE321B428CF237A0059F159 /* SampleCoordinatorUITests */ = {
			isa = PBXNativeTarget;
			buildConfigurationList = FCE321C528CF237A0059F159 /* Build configuration list for PBXNativeTarget "SampleCoordinatorUITests" */;
			buildPhases = (
				FCE321B128CF237A0059F159 /* Sources */,
				FCE321B228CF237A0059F159 /* Frameworks */,
				FCE321B328CF237A0059F159 /* Resources */,
			);
			buildRules = (
			);
			dependencies = (
				FCE321B728CF237A0059F159 /* PBXTargetDependency */,
			);
			name = SampleCoordinatorUITests;
			productName = SampleCoordinatorUITests;
			productReference = FCE321B528CF237A0059F159 /* SampleCoordinatorUITests.xctest */;
			productType = "com.apple.product-type.bundle.ui-testing";
		};
/* End PBXNativeTarget section */

/* Begin PBXProject section */
		FCE3218D28CF23720059F159 /* Project object */ = {
			isa = PBXProject;
			attributes = {
				BuildIndependentTargetsInParallel = 1;
				LastSwiftUpdateCheck = 1340;
				LastUpgradeCheck = 1340;
				TargetAttributes = {
					FCE3219428CF23720059F159 = {
						CreatedOnToolsVersion = 13.4.1;
					};
					FCE321AA28CF237A0059F159 = {
						CreatedOnToolsVersion = 13.4.1;
						TestTargetID = FCE3219428CF23720059F159;
					};
					FCE321B428CF237A0059F159 = {
						CreatedOnToolsVersion = 13.4.1;
						TestTargetID = FCE3219428CF23720059F159;
					};
				};
			};
			buildConfigurationList = FCE3219028CF23720059F159 /* Build configuration list for PBXProject "SampleCoordinator" */;
			compatibilityVersion = "Xcode 13.0";
			developmentRegion = en;
			hasScannedForEncodings = 0;
			knownRegions = (
				en,
				Base,
			);
			mainGroup = FCE3218C28CF23720059F159;
			productRefGroup = FCE3219628CF23720059F159 /* Products */;
			projectDirPath = "";
			projectRoot = "";
			targets = (
				FCE3219428CF23720059F159 /* SampleCoordinator */,
				FCE321AA28CF237A0059F159 /* SampleCoordinatorTests */,
				FCE321B428CF237A0059F159 /* SampleCoordinatorUITests */,
			);
		};
/* End PBXProject section */

/* Begin PBXResourcesBuildPhase section */
		FCE3219328CF23720059F159 /* Resources */ = {
			isa = PBXResourcesBuildPhase;
			buildActionMask = 2147483647;
			files = (
				FCE321A528CF237A0059F159 /* LaunchScreen.storyboard in Resources */,
				FCE321A228CF237A0059F159 /* Assets.xcassets in Resources */,
				FCE321A028CF23730059F159 /* Main.storyboard in Resources */,
			);
			runOnlyForDeploymentPostprocessing = 0;
		};
		FCE321A928CF237A0059F159 /* Resources */ = {
			isa = PBXResourcesBuildPhase;
			buildActionMask = 2147483647;
			files = (
			);
			runOnlyForDeploymentPostprocessing = 0;
		};
		FCE321B328CF237A0059F159 /* Resources */ = {
			isa = PBXResourcesBuildPhase;
			buildActionMask = 2147483647;
			files = (
			);
			runOnlyForDeploymentPostprocessing = 0;
		};
/* End PBXResourcesBuildPhase section */

/* Begin PBXSourcesBuildPhase section */
		FCE3219128CF23720059F159 /* Sources */ = {
			isa = PBXSourcesBuildPhase;
			buildActionMask = 2147483647;
			files = (
				FCE3219D28CF23720059F159 /* ViewController.swift in Sources */,
				FCE3219928CF23720059F159 /* AppDelegate.swift in Sources */,
				FCE3219B28CF23720059F159 /* SceneDelegate.swift in Sources */,
			);
			runOnlyForDeploymentPostprocessing = 0;
		};
		FCE321A728CF237A0059F159 /* Sources */ = {
			isa = PBXSourcesBuildPhase;
			buildActionMask = 2147483647;
			files = (
				FCE321B028CF237A0059F159 /* SampleCoordinatorTests.swift in Sources */,
			);
			runOnlyForDeploymentPostprocessing = 0;
		};
		FCE321B128CF237A0059F159 /* Sources */ = {
			isa = PBXSourcesBuildPhase;
			buildActionMask = 2147483647;
			files = (
				FCE321BA28CF237A0059F159 /* SampleCoordinatorUITests.swift in Sources */,
				FCE321BC28CF237A0059F159 /* SampleCoordinatorUITestsLaunchTests.swift in Sources */,
			);
			runOnlyForDeploymentPostprocessing = 0;
		};
/* End PBXSourcesBuildPhase section */

/* Begin PBXTargetDependency section */
		FCE321AD28CF237A0059F159 /* PBXTargetDependency */ = {
			isa = PBXTargetDependency;
			target = FCE3219428CF23720059F159 /* SampleCoordinator */;
			targetProxy = FCE321AC28CF237A0059F159 /* PBXContainerItemProxy */;
		};
		FCE321B728CF237A0059F159 /* PBXTargetDependency */ = {
			isa = PBXTargetDependency;
			target = FCE3219428CF23720059F159 /* SampleCoordinator */;
			targetProxy = FCE321B628CF237A0059F159 /* PBXContainerItemProxy */;
		};
/* End PBXTargetDependency section */

/* Begin PBXVariantGroup section */
		FCE3219E28CF23730059F159 /* Main.storyboard */ = {
			isa = PBXVariantGroup;
			children = (
				FCE3219F28CF23730059F159 /* Base */,
			);
			name = Main.storyboard;
			sourceTree = "<group>";
		};
		FCE321A328CF237A0059F159 /* LaunchScreen.storyboard */ = {
			isa = PBXVariantGroup;
			children = (
				FCE321A428CF237A0059F159 /* Base */,
			);
			name = LaunchScreen.storyboard;
			sourceTree = "<group>";
		};
/* End PBXVariantGroup section */

/* Begin XCBuildConfiguration section */
		FCE321BD28CF237A0059F159 /* Debug */ = {
			isa = XCBuildConfiguration;
			buildSettings = {
				ALWAYS_SEARCH_USER_PATHS = NO;
				CLANG_ANALYZER_NONNULL = YES;
				CLANG_ANALYZER_NUMBER_OBJECT_CONVERSION = YES_AGGRESSIVE;
				CLANG_CXX_LANGUAGE_STANDARD = "gnu++17";
				CLANG_ENABLE_MODULES = YES;
				CLANG_ENABLE_OBJC_ARC = YES;
				CLANG_ENABLE_OBJC_WEAK = YES;
				CLANG_WARN_BLOCK_CAPTURE_AUTORELEASING = YES;
				CLANG_WARN_BOOL_CONVERSION = YES;
				CLANG_WARN_COMMA = YES;
				CLANG_WARN_CONSTANT_CONVERSION = YES;
				CLANG_WARN_DEPRECATED_OBJC_IMPLEMENTATIONS = YES;
				CLANG_WARN_DIRECT_OBJC_ISA_USAGE = YES_ERROR;
				CLANG_WARN_DOCUMENTATION_COMMENTS = YES;
				CLANG_WARN_EMPTY_BODY = YES;
				CLANG_WARN_ENUM_CONVERSION = YES;
				CLANG_WARN_INFINITE_RECURSION = YES;
				CLANG_WARN_INT_CONVERSION = YES;
				CLANG_WARN_NON_LITERAL_NULL_CONVERSION = YES;
				CLANG_WARN_OBJC_IMPLICIT_RETAIN_SELF = YES;
				CLANG_WARN_OBJC_LITERAL_CONVERSION = YES;
				CLANG_WARN_OBJC_ROOT_CLASS = YES_ERROR;
				CLANG_WARN_QUOTED_INCLUDE_IN_FRAMEWORK_HEADER = YES;
				CLANG_WARN_RANGE_LOOP_ANALYSIS = YES;
				CLANG_WARN_STRICT_PROTOTYPES = YES;
				CLANG_WARN_SUSPICIOUS_MOVE = YES;
				CLANG_WARN_UNGUARDED_AVAILABILITY = YES_AGGRESSIVE;
				CLANG_WARN_UNREACHABLE_CODE = YES;
				CLANG_WARN__DUPLICATE_METHOD_MATCH = YES;
				COPY_PHASE_STRIP = NO;
				DEBUG_INFORMATION_FORMAT = dwarf;
				ENABLE_STRICT_OBJC_MSGSEND = YES;
				ENABLE_TESTABILITY = YES;
				GCC_C_LANGUAGE_STANDARD = gnu11;
				GCC_DYNAMIC_NO_PIC = NO;
				GCC_NO_COMMON_BLOCKS = YES;
				GCC_OPTIMIZATION_LEVEL = 0;
				GCC_PREPROCESSOR_DEFINITIONS = (
					"DEBUG=1",
					"$(inherited)",
				);
				GCC_WARN_64_TO_32_BIT_CONVERSION = YES;
				GCC_WARN_ABOUT_RETURN_TYPE = YES_ERROR;
				GCC_WARN_UNDECLARED_SELECTOR = YES;
				GCC_WARN_UNINITIALIZED_AUTOS = YES_AGGRESSIVE;
				GCC_WARN_UNUSED_FUNCTION = YES;
				GCC_WARN_UNUSED_VARIABLE = YES;
				IPHONEOS_DEPLOYMENT_TARGET = 15.5;
				MTL_ENABLE_DEBUG_INFO = INCLUDE_SOURCE;
				MTL_FAST_MATH = YES;
				ONLY_ACTIVE_ARCH = YES;
				SDKROOT = iphoneos;
				SWIFT_ACTIVE_COMPILATION_CONDITIONS = DEBUG;
				SWIFT_OPTIMIZATION_LEVEL = "-Onone";
			};
			name = Debug;
		};
		FCE321BE28CF237A0059F159 /* Release */ = {
			isa = XCBuildConfiguration;
			buildSettings = {
				ALWAYS_SEARCH_USER_PATHS = NO;
				CLANG_ANALYZER_NONNULL = YES;
				CLANG_ANALYZER_NUMBER_OBJECT_CONVERSION = YES_AGGRESSIVE;
				CLANG_CXX_LANGUAGE_STANDARD = "gnu++17";
				CLANG_ENABLE_MODULES = YES;
				CLANG_ENABLE_OBJC_ARC = YES;
				CLANG_ENABLE_OBJC_WEAK = YES;
				CLANG_WARN_BLOCK_CAPTURE_AUTORELEASING = YES;
				CLANG_WARN_BOOL_CONVERSION = YES;
				CLANG_WARN_COMMA = YES;
				CLANG_WARN_CONSTANT_CONVERSION = YES;
				CLANG_WARN_DEPRECATED_OBJC_IMPLEMENTATIONS = YES;
				CLANG_WARN_DIRECT_OBJC_ISA_USAGE = YES_ERROR;
				CLANG_WARN_DOCUMENTATION_COMMENTS = YES;
				CLANG_WARN_EMPTY_BODY = YES;
				CLANG_WARN_ENUM_CONVERSION = YES;
				CLANG_WARN_INFINITE_RECURSION = YES;
				CLANG_WARN_INT_CONVERSION = YES;
				CLANG_WARN_NON_LITERAL_NULL_CONVERSION = YES;
				CLANG_WARN_OBJC_IMPLICIT_RETAIN_SELF = YES;
				CLANG_WARN_OBJC_LITERAL_CONVERSION = YES;
				CLANG_WARN_OBJC_ROOT_CLASS = YES_ERROR;
				CLANG_WARN_QUOTED_INCLUDE_IN_FRAMEWORK_HEADER = YES;
				CLANG_WARN_RANGE_LOOP_ANALYSIS = YES;
				CLANG_WARN_STRICT_PROTOTYPES = YES;
				CLANG_WARN_SUSPICIOUS_MOVE = YES;
				CLANG_WARN_UNGUARDED_AVAILABILITY = YES_AGGRESSIVE;
				CLANG_WARN_UNREACHABLE_CODE = YES;
				CLANG_WARN__DUPLICATE_METHOD_MATCH = YES;
				COPY_PHASE_STRIP = NO;
				DEBUG_INFORMATION_FORMAT = "dwarf-with-dsym";
				ENABLE_NS_ASSERTIONS = NO;
				ENABLE_STRICT_OBJC_MSGSEND = YES;
				GCC_C_LANGUAGE_STANDARD = gnu11;
				GCC_NO_COMMON_BLOCKS = YES;
				GCC_WARN_64_TO_32_BIT_CONVERSION = YES;
				GCC_WARN_ABOUT_RETURN_TYPE = YES_ERROR;
				GCC_WARN_UNDECLARED_SELECTOR = YES;
				GCC_WARN_UNINITIALIZED_AUTOS = YES_AGGRESSIVE;
				GCC_WARN_UNUSED_FUNCTION = YES;
				GCC_WARN_UNUSED_VARIABLE = YES;
				IPHONEOS_DEPLOYMENT_TARGET = 15.5;
				MTL_ENABLE_DEBUG_INFO = NO;
				MTL_FAST_MATH = YES;
				SDKROOT = iphoneos;
				SWIFT_COMPILATION_MODE = wholemodule;
				SWIFT_OPTIMIZATION_LEVEL = "-O";
				VALIDATE_PRODUCT = YES;
			};
			name = Release;
		};
		FCE321C028CF237A0059F159 /* Debug */ = {
			isa = XCBuildConfiguration;
			buildSettings = {
				ASSETCATALOG_COMPILER_APPICON_NAME = AppIcon;
				ASSETCATALOG_COMPILER_GLOBAL_ACCENT_COLOR_NAME = AccentColor;
				CODE_SIGN_STYLE = Automatic;
				CURRENT_PROJECT_VERSION = 1;
				DEVELOPMENT_TEAM = D2LPL47T23;
				GENERATE_INFOPLIST_FILE = YES;
				INFOPLIST_FILE = SampleCoordinator/Info.plist;
				INFOPLIST_KEY_UIApplicationSupportsIndirectInputEvents = YES;
				INFOPLIST_KEY_UILaunchStoryboardName = LaunchScreen;
				INFOPLIST_KEY_UIMainStoryboardFile = Main;
				INFOPLIST_KEY_UISupportedInterfaceOrientations_iPad = "UIInterfaceOrientationPortrait UIInterfaceOrientationPortraitUpsideDown UIInterfaceOrientationLandscapeLeft UIInterfaceOrientationLandscapeRight";
				INFOPLIST_KEY_UISupportedInterfaceOrientations_iPhone = "UIInterfaceOrientationPortrait UIInterfaceOrientationLandscapeLeft UIInterfaceOrientationLandscapeRight";
				LD_RUNPATH_SEARCH_PATHS = (
					"$(inherited)",
					"@executable_path/Frameworks",
				);
				MARKETING_VERSION = 1.0;
				PRODUCT_BUNDLE_IDENTIFIER = com.tanaka.SampleCoordinator;
				PRODUCT_NAME = "$(TARGET_NAME)";
				SWIFT_EMIT_LOC_STRINGS = YES;
				SWIFT_VERSION = 5.0;
				TARGETED_DEVICE_FAMILY = "1,2";
			};
			name = Debug;
		};
		FCE321C128CF237A0059F159 /* Release */ = {
			isa = XCBuildConfiguration;
			buildSettings = {
				ASSETCATALOG_COMPILER_APPICON_NAME = AppIcon;
				ASSETCATALOG_COMPILER_GLOBAL_ACCENT_COLOR_NAME = AccentColor;
				CODE_SIGN_STYLE = Automatic;
				CURRENT_PROJECT_VERSION = 1;
				DEVELOPMENT_TEAM = D2LPL47T23;
				GENERATE_INFOPLIST_FILE = YES;
				INFOPLIST_FILE = SampleCoordinator/Info.plist;
				INFOPLIST_KEY_UIApplicationSupportsIndirectInputEvents = YES;
				INFOPLIST_KEY_UILaunchStoryboardName = LaunchScreen;
				INFOPLIST_KEY_UIMainStoryboardFile = Main;
				INFOPLIST_KEY_UISupportedInterfaceOrientations_iPad = "UIInterfaceOrientationPortrait UIInterfaceOrientationPortraitUpsideDown UIInterfaceOrientationLandscapeLeft UIInterfaceOrientationLandscapeRight";
				INFOPLIST_KEY_UISupportedInterfaceOrientations_iPhone = "UIInterfaceOrientationPortrait UIInterfaceOrientationLandscapeLeft UIInterfaceOrientationLandscapeRight";
				LD_RUNPATH_SEARCH_PATHS = (
					"$(inherited)",
					"@executable_path/Frameworks",
				);
				MARKETING_VERSION = 1.0;
				PRODUCT_BUNDLE_IDENTIFIER = com.tanaka.SampleCoordinator;
				PRODUCT_NAME = "$(TARGET_NAME)";
				SWIFT_EMIT_LOC_STRINGS = YES;
				SWIFT_VERSION = 5.0;
				TARGETED_DEVICE_FAMILY = "1,2";
			};
			name = Release;
		};
		FCE321C328CF237A0059F159 /* Debug */ = {
			isa = XCBuildConfiguration;
			buildSettings = {
				ALWAYS_EMBED_SWIFT_STANDARD_LIBRARIES = YES;
				BUNDLE_LOADER = "$(TEST_HOST)";
				CODE_SIGN_STYLE = Automatic;
				CURRENT_PROJECT_VERSION = 1;
				DEVELOPMENT_TEAM = D2LPL47T23;
				GENERATE_INFOPLIST_FILE = YES;
				IPHONEOS_DEPLOYMENT_TARGET = 15.5;
				MARKETING_VERSION = 1.0;
				PRODUCT_BUNDLE_IDENTIFIER = com.tanaka.SampleCoordinatorTests;
				PRODUCT_NAME = "$(TARGET_NAME)";
				SWIFT_EMIT_LOC_STRINGS = NO;
				SWIFT_VERSION = 5.0;
				TARGETED_DEVICE_FAMILY = "1,2";
				TEST_HOST = "$(BUILT_PRODUCTS_DIR)/SampleCoordinator.app/SampleCoordinator";
			};
			name = Debug;
		};
		FCE321C428CF237A0059F159 /* Release */ = {
			isa = XCBuildConfiguration;
			buildSettings = {
				ALWAYS_EMBED_SWIFT_STANDARD_LIBRARIES = YES;
				BUNDLE_LOADER = "$(TEST_HOST)";
				CODE_SIGN_STYLE = Automatic;
				CURRENT_PROJECT_VERSION = 1;
				DEVELOPMENT_TEAM = D2LPL47T23;
				GENERATE_INFOPLIST_FILE = YES;
				IPHONEOS_DEPLOYMENT_TARGET = 15.5;
				MARKETING_VERSION = 1.0;
				PRODUCT_BUNDLE_IDENTIFIER = com.tanaka.SampleCoordinatorTests;
				PRODUCT_NAME = "$(TARGET_NAME)";
				SWIFT_EMIT_LOC_STRINGS = NO;
				SWIFT_VERSION = 5.0;
				TARGETED_DEVICE_FAMILY = "1,2";
				TEST_HOST = "$(BUILT_PRODUCTS_DIR)/SampleCoordinator.app/SampleCoordinator";
			};
			name = Release;
		};
		FCE321C628CF237A0059F159 /* Debug */ = {
			isa = XCBuildConfiguration;
			buildSettings = {
				ALWAYS_EMBED_SWIFT_STANDARD_LIBRARIES = YES;
				CODE_SIGN_STYLE = Automatic;
				CURRENT_PROJECT_VERSION = 1;
				DEVELOPMENT_TEAM = D2LPL47T23;
				GENERATE_INFOPLIST_FILE = YES;
				MARKETING_VERSION = 1.0;
				PRODUCT_BUNDLE_IDENTIFIER = com.tanaka.SampleCoordinatorUITests;
				PRODUCT_NAME = "$(TARGET_NAME)";
				SWIFT_EMIT_LOC_STRINGS = NO;
				SWIFT_VERSION = 5.0;
				TARGETED_DEVICE_FAMILY = "1,2";
				TEST_TARGET_NAME = SampleCoordinator;
			};
			name = Debug;
		};
		FCE321C728CF237A0059F159 /* Release */ = {
			isa = XCBuildConfiguration;
			buildSettings = {
				ALWAYS_EMBED_SWIFT_STANDARD_LIBRARIES = YES;
				CODE_SIGN_STYLE = Automatic;
				CURRENT_PROJECT_VERSION = 1;
				DEVELOPMENT_TEAM = D2LPL47T23;
				GENERATE_INFOPLIST_FILE = YES;
				MARKETING_VERSION = 1.0;
				PRODUCT_BUNDLE_IDENTIFIER = com.tanaka.SampleCoordinatorUITests;
				PRODUCT_NAME = "$(TARGET_NAME)";
				SWIFT_EMIT_LOC_STRINGS = NO;
				SWIFT_VERSION = 5.0;
				TARGETED_DEVICE_FAMILY = "1,2";
				TEST_TARGET_NAME = SampleCoordinator;
			};
			name = Release;
		};
/* End XCBuildConfiguration section */

/* Begin XCConfigurationList section */
		FCE3219028CF23720059F159 /* Build configuration list for PBXProject "SampleCoordinator" */ = {
			isa = XCConfigurationList;
			buildConfigurations = (
				FCE321BD28CF237A0059F159 /* Debug */,
				FCE321BE28CF237A0059F159 /* Release */,
			);
			defaultConfigurationIsVisible = 0;
			defaultConfigurationName = Release;
		};
		FCE321BF28CF237A0059F159 /* Build configuration list for PBXNativeTarget "SampleCoordinator" */ = {
			isa = XCConfigurationList;
			buildConfigurations = (
				FCE321C028CF237A0059F159 /* Debug */,
				FCE321C128CF237A0059F159 /* Release */,
			);
			defaultConfigurationIsVisible = 0;
			defaultConfigurationName = Release;
		};
		FCE321C228CF237A0059F159 /* Build configuration list for PBXNativeTarget "SampleCoordinatorTests" */ = {
			isa = XCConfigurationList;
			buildConfigurations = (
				FCE321C328CF237A0059F159 /* Debug */,
				FCE321C428CF237A0059F159 /* Release */,
			);
			defaultConfigurationIsVisible = 0;
			defaultConfigurationName = Release;
		};
		FCE321C528CF237A0059F159 /* Build configuration list for PBXNativeTarget "SampleCoordinatorUITests" */ = {
			isa = XCConfigurationList;
			buildConfigurations = (
				FCE321C628CF237A0059F159 /* Debug */,
				FCE321C728CF237A0059F159 /* Release */,
			);
			defaultConfigurationIsVisible = 0;
			defaultConfigurationName = Release;
		};
/* End XCConfigurationList section */
	};
	rootObject = FCE3218D28CF23720059F159 /* Project object */;
}
